
Microsoft Visual Studio Solution File, Format Version 12.00
# Visual Studio 2013
VisualStudioVersion = 12.0.31101.0
MinimumVisualStudioVersion = 10.0.40219.1
Project("{FAE04EC0-301F-11D3-BF4B-00C04F79EFBC}") = "TestAzureWebApp", "TestAzureWebApp\TestAzureWebApp.csproj", "{A00D3795-57BB-4B0C-AFF1-780329188030}"
EndProject
Project("{2150E333-8FDC-42A3-9474-1A3956D46DE8}") = "PublishScripts", "PublishScripts", "{4A66C9F4-D597-4B8A-B1AD-8F93339FB8C3}"
	ProjectSection(SolutionItems) = preProject
		PublishScripts\AzureWebsitePublishModule.psm1 = PublishScripts\AzureWebsitePublishModule.psm1
		PublishScripts\Publish-WebApplicationWebsite.ps1 = PublishScripts\Publish-WebApplicationWebsite.ps1
	EndProjectSection
EndProject
Project("{2150E333-8FDC-42A3-9474-1A3956D46DE8}") = "Configurations", "Configurations", "{8D911A96-B36C-4B1A-81CC-96156414318A}"
	ProjectSection(SolutionItems) = preProject
		PublishScripts\Configurations\TestAzureWebApp-WAWS-dev.json = PublishScripts\Configurations\TestAzureWebApp-WAWS-dev.json
	EndProjectSection
EndProject
Global
	GlobalSection(SolutionConfigurationPlatforms) = preSolution
		Debug|Any CPU = Debug|Any CPU
		Release|Any CPU = Release|Any CPU
	EndGlobalSection
	GlobalSection(ProjectConfigurationPlatforms) = postSolution
		{A00D3795-57BB-4B0C-AFF1-780329188030}.Debug|Any CPU.ActiveCfg = Debug|Any CPU
		{A00D3795-57BB-4B0C-AFF1-780329188030}.Debug|Any CPU.Build.0 = Debug|Any CPU
		{A00D3795-57BB-4B0C-AFF1-780329188030}.Release|Any CPU.ActiveCfg = Release|Any CPU
		{A00D3795-57BB-4B0C-AFF1-780329188030}.Release|Any CPU.Build.0 = Release|Any CPU
	EndGlobalSection
	GlobalSection(SolutionProperties) = preSolution
		HideSolutionNode = FALSE
	EndGlobalSection
	GlobalSection(NestedProjects) = preSolution
		{8D911A96-B36C-4B1A-81CC-96156414318A} = {4A66C9F4-D597-4B8A-B1AD-8F93339FB8C3}
	EndGlobalSection
EndGlobal
